{
  "version": 4,
  "terraform_version": "1.9.5",
  "serial": 26,
  "lineage": "af2a2b58-5194-2550-80f3-497bcd0596ed",
  "outputs": {},
  "resources": [
    {
      "mode": "managed",
      "type": "aws_iam_policy",
      "name": "assume_role_policy",
      "provider": "provider[\"registry.terraform.io/hashicorp/aws\"]",
      "instances": [
        {
          "schema_version": 0,
          "attributes": {
            "arn": "arn:aws:iam::402614449056:policy/example-assume-role-policy",
            "description": "Allow S3 read-only access for the assumed role",
            "id": "arn:aws:iam::402614449056:policy/example-assume-role-policy",
            "name": "example-assume-role-policy",
            "name_prefix": "",
            "path": "/",
            "policy": "{\"Statement\":[{\"Action\":[\"s3:ListBucket\"],\"Effect\":\"Allow\",\"Resource\":\"arn:aws:s3:::*\"},{\"Action\":[\"ec2:DescribeInstances\"],\"Effect\":\"Allow\",\"Resource\":\"*\"}],\"Version\":\"2012-10-17\"}",
            "policy_id": "ANPAV3PNQ6OQEJJJ6YGWZ",
            "tags": {},
            "tags_all": {}
          },
          "sensitive_attributes": [],
          "private": "bnVsbA=="
        }
      ]
    },
    {
      "mode": "managed",
      "type": "aws_iam_role",
      "name": "assume_role",
      "provider": "provider[\"registry.terraform.io/hashicorp/aws\"]",
      "instances": [
        {
          "schema_version": 0,
          "attributes": {
            "arn": "arn:aws:iam::402614449056:role/example-assume-role",
            "assume_role_policy": "{\"Statement\":[{\"Action\":\"sts:AssumeRole\",\"Effect\":\"Allow\",\"Principal\":{\"AWS\":\"arn:aws:iam::402614449056:user/example-assume-user-first\"}}],\"Version\":\"2012-10-17\"}",
            "create_date": "2024-09-16T01:47:55Z",
            "description": "",
            "force_detach_policies": false,
            "id": "example-assume-role",
            "inline_policy": [],
            "managed_policy_arns": [
              "arn:aws:iam::402614449056:policy/example-assume-role-policy"
            ],
            "max_session_duration": 3600,
            "name": "example-assume-role",
            "name_prefix": "",
            "path": "/",
            "permissions_boundary": null,
            "role_last_used": [
              {
                "last_used_date": "",
                "region": ""
              }
            ],
            "tags": {},
            "tags_all": {},
            "unique_id": "AROAV3PNQ6OQHYCXTYAB7"
          },
          "sensitive_attributes": [],
          "private": "bnVsbA==",
          "dependencies": [
            "aws_iam_user.assume_user_first"
          ]
        }
      ]
    },
    {
      "mode": "managed",
      "type": "aws_iam_role_policy_attachment",
      "name": "attach_policy",
      "provider": "provider[\"registry.terraform.io/hashicorp/aws\"]",
      "instances": [
        {
          "schema_version": 0,
          "attributes": {
            "id": "example-assume-role-20240916014755575800000001",
            "policy_arn": "arn:aws:iam::402614449056:policy/example-assume-role-policy",
            "role": "example-assume-role"
          },
          "sensitive_attributes": [],
          "private": "bnVsbA==",
          "dependencies": [
            "aws_iam_policy.assume_role_policy",
            "aws_iam_role.assume_role",
            "aws_iam_user.assume_user_first"
          ]
        }
      ]
    },
    {
      "mode": "managed",
      "type": "aws_iam_user",
      "name": "assume_user_first",
      "provider": "provider[\"registry.terraform.io/hashicorp/aws\"]",
      "instances": [
        {
          "schema_version": 0,
          "attributes": {
            "arn": "arn:aws:iam::402614449056:user/example-assume-user-first",
            "force_destroy": false,
            "id": "example-assume-user-first",
            "name": "example-assume-user-first",
            "path": "/",
            "permissions_boundary": null,
            "tags": {},
            "tags_all": {},
            "unique_id": "AIDAV3PNQ6OQMKDFNYT5Y"
          },
          "sensitive_attributes": [],
          "private": "bnVsbA=="
        }
      ]
    },
    {
      "mode": "managed",
      "type": "aws_iam_user",
      "name": "assume_user_second",
      "provider": "provider[\"registry.terraform.io/hashicorp/aws\"]",
      "instances": [
        {
          "schema_version": 0,
          "attributes": {
            "arn": "arn:aws:iam::402614449056:user/example-assume-user-second",
            "force_destroy": false,
            "id": "example-assume-user-second",
            "name": "example-assume-user-second",
            "path": "/",
            "permissions_boundary": null,
            "tags": {},
            "tags_all": {},
            "unique_id": "AIDAV3PNQ6OQA34UEEX4V"
          },
          "sensitive_attributes": [],
          "private": "bnVsbA=="
        }
      ]
    },
    {
      "mode": "managed",
      "type": "aws_iam_user_policy",
      "name": "user_assume_role_policy",
      "provider": "provider[\"registry.terraform.io/hashicorp/aws\"]",
      "instances": [
        {
          "schema_version": 0,
          "attributes": {
            "id": "example-assume-user-first:assume-role-policy",
            "name": "assume-role-policy",
            "name_prefix": null,
            "policy": "{\"Version\":\"2012-10-17\",\"Statement\":[{\"Action\":\"sts:AssumeRole\",\"Effect\":\"Allow\",\"Resource\":\"arn:aws:iam::402614449056:role/example-assume-role\"}]}",
            "user": "example-assume-user-first"
          },
          "sensitive_attributes": [],
          "private": "bnVsbA==",
          "dependencies": [
            "aws_iam_role.assume_role",
            "aws_iam_user.assume_user_first"
          ]
        }
      ]
    }
  ],
  "check_results": null
}
